
Microsoft Visual Studio Solution File, Format Version 12.00
# Visual Studio 15
VisualStudioVersion = 15.0.26228.4
MinimumVisualStudioVersion = 10.0.40219.1
Project("{9A19103F-16F7-4668-BE54-9A1E7A4F7556}") = "Builder", "Builder\Builder.csproj", "{788DC800-C038-4D22-8B3C-36C4D25FC1EB}"
EndProject
Project("{2150E333-8FDC-42A3-9474-1A3956D46DE8}") = "1. Creational", "1. Creational", "{3AC27402-3BDE-4082-92DD-ED433FC38734}"
EndProject
Project("{2150E333-8FDC-42A3-9474-1A3956D46DE8}") = "2. Structural", "2. Structural", "{C23D3137-FA79-4A61-B754-22B5DF3D3F44}"
EndProject
Project("{2150E333-8FDC-42A3-9474-1A3956D46DE8}") = "3. Behavioral", "3. Behavioral", "{6DA83D82-1E53-4958-A531-15EB3C246B09}"
EndProject
Project("{9A19103F-16F7-4668-BE54-9A1E7A4F7556}") = "Adapter", "Adapter\Adapter.csproj", "{65D7E5F8-7EF7-451A-A260-C7F7E9D9FF43}"
EndProject
Project("{9A19103F-16F7-4668-BE54-9A1E7A4F7556}") = "Composite", "Composite\Composite.csproj", "{C81113BE-0411-4AE8-913C-31AEE19EB3B8}"
EndProject
Project("{9A19103F-16F7-4668-BE54-9A1E7A4F7556}") = "ChainOfResp", "ChainOfResp\ChainOfResp.csproj", "{9A181BBD-12DE-4F3D-B0CA-42C82B6F3AB7}"
EndProject
Project("{9A19103F-16F7-4668-BE54-9A1E7A4F7556}") = "Command", "Command\Command.csproj", "{01D9B90D-2662-42EF-9669-64ECC9B0B004}"
EndProject
Project("{9A19103F-16F7-4668-BE54-9A1E7A4F7556}") = "Interpreter", "Interpreter\Interpreter.csproj", "{F39FF36E-165C-401A-8CA9-C765AD52CCFF}"
EndProject
Project("{9A19103F-16F7-4668-BE54-9A1E7A4F7556}") = "Mediator", "Mediator\Mediator.csproj", "{40A3D02C-C2BC-4D6A-8241-5E3FB493697B}"
EndProject
Project("{FAE04EC0-301F-11D3-BF4B-00C04F79EFBC}") = "Visitor", "Visitor\Visitor.csproj", "{0F901CC9-8039-45D5-A852-2E1D9F2B4E59}"
EndProject
Global
	GlobalSection(SolutionConfigurationPlatforms) = preSolution
		Debug|Any CPU = Debug|Any CPU
		Release|Any CPU = Release|Any CPU
	EndGlobalSection
	GlobalSection(ProjectConfigurationPlatforms) = postSolution
		{788DC800-C038-4D22-8B3C-36C4D25FC1EB}.Debug|Any CPU.ActiveCfg = Debug|Any CPU
		{788DC800-C038-4D22-8B3C-36C4D25FC1EB}.Debug|Any CPU.Build.0 = Debug|Any CPU
		{788DC800-C038-4D22-8B3C-36C4D25FC1EB}.Release|Any CPU.ActiveCfg = Release|Any CPU
		{788DC800-C038-4D22-8B3C-36C4D25FC1EB}.Release|Any CPU.Build.0 = Release|Any CPU
		{65D7E5F8-7EF7-451A-A260-C7F7E9D9FF43}.Debug|Any CPU.ActiveCfg = Debug|Any CPU
		{65D7E5F8-7EF7-451A-A260-C7F7E9D9FF43}.Debug|Any CPU.Build.0 = Debug|Any CPU
		{65D7E5F8-7EF7-451A-A260-C7F7E9D9FF43}.Release|Any CPU.ActiveCfg = Release|Any CPU
		{65D7E5F8-7EF7-451A-A260-C7F7E9D9FF43}.Release|Any CPU.Build.0 = Release|Any CPU
		{C81113BE-0411-4AE8-913C-31AEE19EB3B8}.Debug|Any CPU.ActiveCfg = Debug|Any CPU
		{C81113BE-0411-4AE8-913C-31AEE19EB3B8}.Debug|Any CPU.Build.0 = Debug|Any CPU
		{C81113BE-0411-4AE8-913C-31AEE19EB3B8}.Release|Any CPU.ActiveCfg = Release|Any CPU
		{C81113BE-0411-4AE8-913C-31AEE19EB3B8}.Release|Any CPU.Build.0 = Release|Any CPU
		{9A181BBD-12DE-4F3D-B0CA-42C82B6F3AB7}.Debug|Any CPU.ActiveCfg = Debug|Any CPU
		{9A181BBD-12DE-4F3D-B0CA-42C82B6F3AB7}.Debug|Any CPU.Build.0 = Debug|Any CPU
		{9A181BBD-12DE-4F3D-B0CA-42C82B6F3AB7}.Release|Any CPU.ActiveCfg = Release|Any CPU
		{9A181BBD-12DE-4F3D-B0CA-42C82B6F3AB7}.Release|Any CPU.Build.0 = Release|Any CPU
		{01D9B90D-2662-42EF-9669-64ECC9B0B004}.Debug|Any CPU.ActiveCfg = Debug|Any CPU
		{01D9B90D-2662-42EF-9669-64ECC9B0B004}.Debug|Any CPU.Build.0 = Debug|Any CPU
		{01D9B90D-2662-42EF-9669-64ECC9B0B004}.Release|Any CPU.ActiveCfg = Release|Any CPU
		{01D9B90D-2662-42EF-9669-64ECC9B0B004}.Release|Any CPU.Build.0 = Release|Any CPU
		{F39FF36E-165C-401A-8CA9-C765AD52CCFF}.Debug|Any CPU.ActiveCfg = Debug|Any CPU
		{F39FF36E-165C-401A-8CA9-C765AD52CCFF}.Debug|Any CPU.Build.0 = Debug|Any CPU
		{F39FF36E-165C-401A-8CA9-C765AD52CCFF}.Release|Any CPU.ActiveCfg = Release|Any CPU
		{F39FF36E-165C-401A-8CA9-C765AD52CCFF}.Release|Any CPU.Build.0 = Release|Any CPU
		{40A3D02C-C2BC-4D6A-8241-5E3FB493697B}.Debug|Any CPU.ActiveCfg = Debug|Any CPU
		{40A3D02C-C2BC-4D6A-8241-5E3FB493697B}.Debug|Any CPU.Build.0 = Debug|Any CPU
		{40A3D02C-C2BC-4D6A-8241-5E3FB493697B}.Release|Any CPU.ActiveCfg = Release|Any CPU
		{40A3D02C-C2BC-4D6A-8241-5E3FB493697B}.Release|Any CPU.Build.0 = Release|Any CPU
		{0F901CC9-8039-45D5-A852-2E1D9F2B4E59}.Debug|Any CPU.ActiveCfg = Debug|Any CPU
		{0F901CC9-8039-45D5-A852-2E1D9F2B4E59}.Debug|Any CPU.Build.0 = Debug|Any CPU
		{0F901CC9-8039-45D5-A852-2E1D9F2B4E59}.Release|Any CPU.ActiveCfg = Release|Any CPU
		{0F901CC9-8039-45D5-A852-2E1D9F2B4E59}.Release|Any CPU.Build.0 = Release|Any CPU
	EndGlobalSection
	GlobalSection(SolutionProperties) = preSolution
		HideSolutionNode = FALSE
	EndGlobalSection
	GlobalSection(NestedProjects) = preSolution
		{788DC800-C038-4D22-8B3C-36C4D25FC1EB} = {3AC27402-3BDE-4082-92DD-ED433FC38734}
		{65D7E5F8-7EF7-451A-A260-C7F7E9D9FF43} = {C23D3137-FA79-4A61-B754-22B5DF3D3F44}
		{C81113BE-0411-4AE8-913C-31AEE19EB3B8} = {C23D3137-FA79-4A61-B754-22B5DF3D3F44}
		{9A181BBD-12DE-4F3D-B0CA-42C82B6F3AB7} = {6DA83D82-1E53-4958-A531-15EB3C246B09}
		{01D9B90D-2662-42EF-9669-64ECC9B0B004} = {6DA83D82-1E53-4958-A531-15EB3C246B09}
		{F39FF36E-165C-401A-8CA9-C765AD52CCFF} = {6DA83D82-1E53-4958-A531-15EB3C246B09}
		{40A3D02C-C2BC-4D6A-8241-5E3FB493697B} = {6DA83D82-1E53-4958-A531-15EB3C246B09}
		{0F901CC9-8039-45D5-A852-2E1D9F2B4E59} = {6DA83D82-1E53-4958-A531-15EB3C246B09}
	EndGlobalSection
EndGlobal
